
Microsoft Visual Studio Solution File, Format Version 12.00
# Visual Studio Version 16
VisualStudioVersion = 16.0.30128.74
MinimumVisualStudioVersion = 10.0.40219.1
Project("{FAE04EC0-301F-11D3-BF4B-00C04F79EFBC}") = "RoadTrip", "RoadTrip\RoadTrip.csproj", "{7B7AC74B-6BE2-4105-8333-055B9F75339E}"
EndProject
Global
	GlobalSection(SolutionConfigurationPlatforms) = preSolution
		Debug|Any CPU = Debug|Any CPU
		Release|Any CPU = Release|Any CPU
	EndGlobalSection
	GlobalSection(ProjectConfigurationPlatforms) = postSolution
		{7B7AC74B-6BE2-4105-8333-055B9F75339E}.Debug|Any CPU.ActiveCfg = Debug|Any CPU
		{7B7AC74B-6BE2-4105-8333-055B9F75339E}.Debug|Any CPU.Build.0 = Debug|Any CPU
		{7B7AC74B-6BE2-4105-8333-055B9F75339E}.Release|Any CPU.ActiveCfg = Release|Any CPU
		{7B7AC74B-6BE2-4105-8333-055B9F75339E}.Release|Any CPU.Build.0 = Release|Any CPU
	EndGlobalSection
	GlobalSection(SolutionProperties) = preSolution
		HideSolutionNode = FALSE
	EndGlobalSection
	GlobalSection(ExtensibilityGlobals) = postSolution
		SolutionGuid = {DE4A8A2D-C43A-43B9-A15D-6C2F5A02B86A}
	EndGlobalSection
EndGlobal
